{
  "name": "holiday-jp-dayjs",
  "version": "0.0.1",
  "lockfileVersion": 2,
  "requires": true,
  "packages": {
    "": {
      "name": "holiday-jp-dayjs",
      "version": "0.0.1",
      "license": "MIT",
      "dependencies": {
        "@holiday-jp/holiday_jp": "^2.4.0",
        "dayjs": "^1.11.7"
      },
      "devDependencies": {
        "typescript": "^4.9.4"
      }
    },
    "node_modules/@holiday-jp/holiday_jp": {
      "version": "2.4.0",
      "resolved": "https://registry.npmjs.org/@holiday-jp/holiday_jp/-/holiday_jp-2.4.0.tgz",
      "integrity": "sha512-YcLZJMTwadSoxR8sduIGWpX9sAhjoVR8hc2PnJZPxTOlT73ZXPlTu1TPQ0JZqM7+7MPGILZRuPimBDiC/aAhgw=="
    },
    "node_modules/dayjs": {
      "version": "1.11.7",
      "resolved": "https://registry.npmjs.org/dayjs/-/dayjs-1.11.7.tgz",
      "integrity": "sha512-+Yw9U6YO5TQohxLcIkrXBeY73WP3ejHWVvx8XCk3gxvQDCTEmS48ZrSZCKciI7Bhl/uCMyxYtE9UqRILmFphkQ=="
    },
    "node_modules/typescript": {
      "version": "4.9.4",
      "resolved": "https://registry.npmjs.org/typescript/-/typescript-4.9.4.tgz",
      "integrity": "sha512-Uz+dTXYzxXXbsFpM86Wh3dKCxrQqUcVMxwU54orwlJjOpO3ao8L7j5lH+dWfTwgCwIuM9GQ2kvVotzYJMXTBZg==",
      "dev": true,
      "bin": {
        "tsc": "bin/tsc",
        "tsserver": "bin/tsserver"
      },
      "engines": {
        "node": ">=4.2.0"
      }
    }
  },
  "dependencies": {
    "@holiday-jp/holiday_jp": {
      "version": "2.4.0",
      "resolved": "https://registry.npmjs.org/@holiday-jp/holiday_jp/-/holiday_jp-2.4.0.tgz",
      "integrity": "sha512-YcLZJMTwadSoxR8sduIGWpX9sAhjoVR8hc2PnJZPxTOlT73ZXPlTu1TPQ0JZqM7+7MPGILZRuPimBDiC/aAhgw=="
    },
    "dayjs": {
      "version": "1.11.7",
      "resolved": "https://registry.npmjs.org/dayjs/-/dayjs-1.11.7.tgz",
      "integrity": "sha512-+Yw9U6YO5TQohxLcIkrXBeY73WP3ejHWVvx8XCk3gxvQDCTEmS48ZrSZCKciI7Bhl/uCMyxYtE9UqRILmFphkQ=="
    },
    "typescript": {
      "version": "4.9.4",
      "resolved": "https://registry.npmjs.org/typescript/-/typescript-4.9.4.tgz",
      "integrity": "sha512-Uz+dTXYzxXXbsFpM86Wh3dKCxrQqUcVMxwU54orwlJjOpO3ao8L7j5lH+dWfTwgCwIuM9GQ2kvVotzYJMXTBZg==",
      "dev": true
    }
  }
}
